{
    "_readme": [
        "This file locks the dependencies of your project to a known state",
        "Read more about it at http://getcomposer.org/doc/01-basic-usage.md#composer-lock-the-lock-file"
    ],
    "hash": "73e094aca03053aa630f0870a1c53abc",
    "packages": [
        {
            "name": "fkooman/php-oauth-lib-rs",
            "version": "0.1.0",
            "source": {
                "type": "git",
                "url": "https://github.com/fkooman/php-oauth-lib-rs.git",
                "reference": "0.1.0"
            },
            "dist": {
                "type": "zip",
                "url": "https://api.github.com/repos/fkooman/php-oauth-lib-rs/zipball/0.1.0",
                "reference": "0.1.0",
                "shasum": ""
            },
            "require": {
                "php": ">=5.3.3"
            },
            "type": "library",
            "autoload": {
                "psr-0": {
                    "fkooman\\oauth\\rs\\": "src/"
                }
            },
            "notification-url": "https://packagist.org/downloads/",
            "license": [
                "Apache-2.0"
            ],
            "authors": [
                {
                    "name": "François Kooman",
                    "email": "fkooman@tuxed.net",
                    "role": "Developer"
                }
            ],
            "description": "Library for implementing OAuth 2.0 resource servers",
            "time": "2013-08-18 12:09:22"
        }
    ],
    "packages-dev": [

    ],
    "aliases": [

    ],
    "minimum-stability": "stable",
    "stability-flags": [

    ],
    "platform": [

    ],
    "platform-dev": [

    ]
}
